
Microsoft Visual Studio Solution File, Format Version 12.00
# Visual Studio Version 16
VisualStudioVersion = 16.0.31402.337
MinimumVisualStudioVersion = 10.0.40219.1
Project("{FAE04EC0-301F-11D3-BF4B-00C04F79EFBC}") = "DiscordBotProject", "ConsoleApp1\DiscordBotProject.csproj", "{31E977E4-2500-4DE8-AAEB-FBD47A85B789}"
EndProject
Global
	GlobalSection(SolutionConfigurationPlatforms) = preSolution
		Debug|Any CPU = Debug|Any CPU
		Release|Any CPU = Release|Any CPU
	EndGlobalSection
	GlobalSection(ProjectConfigurationPlatforms) = postSolution
		{31E977E4-2500-4DE8-AAEB-FBD47A85B789}.Debug|Any CPU.ActiveCfg = Debug|Any CPU
		{31E977E4-2500-4DE8-AAEB-FBD47A85B789}.Debug|Any CPU.Build.0 = Debug|Any CPU
		{31E977E4-2500-4DE8-AAEB-FBD47A85B789}.Release|Any CPU.ActiveCfg = Release|Any CPU
		{31E977E4-2500-4DE8-AAEB-FBD47A85B789}.Release|Any CPU.Build.0 = Release|Any CPU
	EndGlobalSection
	GlobalSection(SolutionProperties) = preSolution
		HideSolutionNode = FALSE
	EndGlobalSection
	GlobalSection(ExtensibilityGlobals) = postSolution
		SolutionGuid = {109A70A5-0D08-417E-90DC-6B7AA9D3966C}
	EndGlobalSection
EndGlobal
